github.com/platinasystems/ar v0.0.0-20190502131153-809d4375e1fb h1:k3/wH3XakhOzwUsU5CL9yQaixmpAq5EYJL5hU+2lne0=
github.com/platinasystems/ar v0.0.0-20190502131153-809d4375e1fb/go.mod h1:OXlVIlAH0ANpKjNUCU5TQ7oDZgfRDz5CvtK1jvePymA=
github.com/platinasystems/go-cpio v0.0.0-20180626203310-925f9528c45e h1:beeCkffwlw4YemHTWXVMSoqzHHw4VaFiMSieqmFOhSo=
github.com/platinasystems/go-cpio v0.0.0-20180626203310-925f9528c45e/go.mod h1:hpfVel0z6phauU8eDJXQMhW514LKcLILSSKag64jA0c=
